
Microsoft Visual Studio Solution File, Format Version 12.00
# Visual Studio Version 17
VisualStudioVersion = 17.1.32414.318
MinimumVisualStudioVersion = 10.0.40219.1
Project("{8BC9CEB8-8B4A-11D0-8D11-00A0C91BC942}") = "third_sem_c", "third_sem_c.vcxproj", "{639909EC-4015-48F0-83E4-D3C4BC3CBEB3}"
EndProject
Global
	GlobalSection(SolutionConfigurationPlatforms) = preSolution
		Debug|x64 = Debug|x64
		Debug|x86 = Debug|x86
		Release|x64 = Release|x64
		Release|x86 = Release|x86
	EndGlobalSection
	GlobalSection(ProjectConfigurationPlatforms) = postSolution
		{639909EC-4015-48F0-83E4-D3C4BC3CBEB3}.Debug|x64.ActiveCfg = Debug|x64
		{639909EC-4015-48F0-83E4-D3C4BC3CBEB3}.Debug|x64.Build.0 = Debug|x64
		{639909EC-4015-48F0-83E4-D3C4BC3CBEB3}.Debug|x86.ActiveCfg = Debug|Win32
		{639909EC-4015-48F0-83E4-D3C4BC3CBEB3}.Debug|x86.Build.0 = Debug|Win32
		{639909EC-4015-48F0-83E4-D3C4BC3CBEB3}.Release|x64.ActiveCfg = Release|x64
		{639909EC-4015-48F0-83E4-D3C4BC3CBEB3}.Release|x64.Build.0 = Release|x64
		{639909EC-4015-48F0-83E4-D3C4BC3CBEB3}.Release|x86.ActiveCfg = Release|Win32
		{639909EC-4015-48F0-83E4-D3C4BC3CBEB3}.Release|x86.Build.0 = Release|Win32
	EndGlobalSection
	GlobalSection(SolutionProperties) = preSolution
		HideSolutionNode = FALSE
	EndGlobalSection
	GlobalSection(ExtensibilityGlobals) = postSolution
		SolutionGuid = {B380A657-D47C-4FFC-A994-30E00E7E4C73}
	EndGlobalSection
EndGlobal
